
Microsoft Visual Studio Solution File, Format Version 12.00
# Visual Studio 15
VisualStudioVersion = 15.0.26730.12
MinimumVisualStudioVersion = 10.0.40219.1
Project("{F184B08F-C81C-45F6-A57F-5ABD9991F28F}") = "paperCatcher", "paperCatcher\paperCatcher.vbproj", "{7BB823BB-413C-4441-ABB0-A2001BD20103}"
EndProject
Global
	GlobalSection(SolutionConfigurationPlatforms) = preSolution
		Debug|Any CPU = Debug|Any CPU
		Release|Any CPU = Release|Any CPU
	EndGlobalSection
	GlobalSection(ProjectConfigurationPlatforms) = postSolution
		{7BB823BB-413C-4441-ABB0-A2001BD20103}.Debug|Any CPU.ActiveCfg = Debug|Any CPU
		{7BB823BB-413C-4441-ABB0-A2001BD20103}.Debug|Any CPU.Build.0 = Debug|Any CPU
		{7BB823BB-413C-4441-ABB0-A2001BD20103}.Release|Any CPU.ActiveCfg = Release|Any CPU
		{7BB823BB-413C-4441-ABB0-A2001BD20103}.Release|Any CPU.Build.0 = Release|Any CPU
	EndGlobalSection
	GlobalSection(SolutionProperties) = preSolution
		HideSolutionNode = FALSE
	EndGlobalSection
	GlobalSection(ExtensibilityGlobals) = postSolution
		SolutionGuid = {5440A112-9B55-43EA-AB4A-DE47CF00CAD7}
	EndGlobalSection
EndGlobal
